
Microsoft Visual Studio Solution File, Format Version 12.00
# Visual Studio Version 16
VisualStudioVersion = 16.0.30225.117
MinimumVisualStudioVersion = 10.0.40219.1
Project("{FAE04EC0-301F-11D3-BF4B-00C04F79EFBC}") = "TextTranslation", "TextTranslation.csproj", "{74AA5780-A7D1-46C4-AB19-4F1AA41FB031}"
EndProject
Global
	GlobalSection(SolutionConfigurationPlatforms) = preSolution
		Debug|Any CPU = Debug|Any CPU
		Release|Any CPU = Release|Any CPU
	EndGlobalSection
	GlobalSection(ProjectConfigurationPlatforms) = postSolution
		{74AA5780-A7D1-46C4-AB19-4F1AA41FB031}.Debug|Any CPU.ActiveCfg = Debug|Any CPU
		{74AA5780-A7D1-46C4-AB19-4F1AA41FB031}.Debug|Any CPU.Build.0 = Debug|Any CPU
		{74AA5780-A7D1-46C4-AB19-4F1AA41FB031}.Release|Any CPU.ActiveCfg = Release|Any CPU
		{74AA5780-A7D1-46C4-AB19-4F1AA41FB031}.Release|Any CPU.Build.0 = Release|Any CPU
	EndGlobalSection
	GlobalSection(SolutionProperties) = preSolution
		HideSolutionNode = FALSE
	EndGlobalSection
	GlobalSection(ExtensibilityGlobals) = postSolution
		SolutionGuid = {0AE79FB0-904A-474A-AF5C-64B16128A2DF}
	EndGlobalSection
EndGlobal
